{
  "version": 4,
  "terraform_version": "1.1.4",
  "serial": 8,
  "lineage": "c7066edc-887a-8294-3ed9-cf4a9b78d129",
  "outputs": {},
  "resources": [
    {
      "mode": "data",
      "type": "azuread_group",
      "name": "data-btg",
      "provider": "provider[\"registry.terraform.io/hashicorp/azuread\"]",
      "instances": []
    },
    {
      "mode": "data",
      "type": "azuread_user",
      "name": "daabtg01",
      "provider": "provider[\"registry.terraform.io/hashicorp/azuread\"]",
      "instances": []
    },
    {
      "mode": "data",
      "type": "azurerm_subscription",
      "name": "primary",
      "provider": "provider[\"registry.terraform.io/hashicorp/azurerm\"]",
      "instances": [
        {
          "schema_version": 0,
          "attributes": {
            "display_name": "Azure subscription 1",
            "id": "/subscriptions/bf20516e-0fe8-4479-9d30-ce7863a12741",
            "location_placement_id": "Public_2014-09-01",
            "quota_id": "FreeTrial_2014-09-01",
            "spending_limit": "On",
            "state": "Enabled",
            "subscription_id": "bf20516e-0fe8-4479-9d30-ce7863a12741",
            "tenant_id": "32f44405-1d39-4145-a787-06975a2dabc8",
            "timeouts": null
          },
          "sensitive_attributes": []
        }
      ]
    },
    {
      "mode": "managed",
      "type": "azuread_group_member",
      "name": "example",
      "provider": "provider[\"registry.terraform.io/hashicorp/azuread\"]",
      "instances": []
    },
    {
      "mode": "managed",
      "type": "azurerm_log_analytics_solution",
      "name": "la_sentinel",
      "provider": "provider[\"registry.terraform.io/hashicorp/azurerm\"]",
      "instances": [
        {
          "schema_version": 0,
          "attributes": {
            "id": "/subscriptions/bf20516e-0fe8-4479-9d30-ce7863a12741/resourcegroups/example-resources2/providers/Microsoft.OperationsManagement/solutions/SecurityInsights(example-workspace)",
            "location": "westeurope",
            "plan": [
              {
                "name": "SecurityInsights(example-workspace)",
                "product": "OMSGallery/SecurityInsights",
                "promotion_code": "",
                "publisher": "Microsoft"
              }
            ],
            "resource_group_name": "example-resources2",
            "solution_name": "SecurityInsights",
            "timeouts": null,
            "workspace_name": "example-workspace",
            "workspace_resource_id": "/subscriptions/bf20516e-0fe8-4479-9d30-ce7863a12741/resourcegroups/example-resources2/providers/Microsoft.OperationalInsights/workspaces/example-workspace"
          },
          "sensitive_attributes": [],
          "private": "eyJlMmJmYjczMC1lY2FhLTExZTYtOGY4OC0zNDM2M2JjN2M0YzAiOnsiY3JlYXRlIjoxODAwMDAwMDAwMDAwLCJkZWxldGUiOjE4MDAwMDAwMDAwMDAsInJlYWQiOjMwMDAwMDAwMDAwMCwidXBkYXRlIjoxODAwMDAwMDAwMDAwfX0=",
          "dependencies": [
            "azurerm_log_analytics_workspace.example",
            "azurerm_resource_group.example-ra"
          ]
        }
      ]
    },
    {
      "mode": "managed",
      "type": "azurerm_log_analytics_workspace",
      "name": "example",
      "provider": "provider[\"registry.terraform.io/hashicorp/azurerm\"]",
      "instances": [
        {
          "schema_version": 0,
          "attributes": {
            "id": "/subscriptions/bf20516e-0fe8-4479-9d30-ce7863a12741/resourcegroups/example-resources2/providers/microsoft.operationalinsights/workspaces/example-workspace",
            "location": "westeurope",
            "name": "example-workspace",
            "portal_url": "",
            "primary_shared_key": "7LFOC//7Vzg4DOpRD1JSDgSajfO8wdol4lEKAbS51dOSSzy4tSGP4r54EaCVnUg1FZwC+nw7sFTsi9MEAMXo+A==",
            "resource_group_name": "example-resources2",
            "retention_in_days": 30,
            "secondary_shared_key": "oVTaofJa2qT9RN8z4mSuTLFuLL9pK75yWhSroyqFmajaVNYAREAK7LlKYnWFgW17Ufnjlav9mrfBsspttWCqtQ==",
            "sku": "pergb2018",
            "tags": null,
            "timeouts": null,
            "workspace_id": "84468d2b-5a11-4057-8c8c-2f4c7d397c0e"
          },
          "sensitive_attributes": [],
          "private": "eyJlMmJmYjczMC1lY2FhLTExZTYtOGY4OC0zNDM2M2JjN2M0YzAiOnsiY3JlYXRlIjoxODAwMDAwMDAwMDAwLCJkZWxldGUiOjE4MDAwMDAwMDAwMDAsInJlYWQiOjMwMDAwMDAwMDAwMCwidXBkYXRlIjoxODAwMDAwMDAwMDAwfX0=",
          "dependencies": [
            "azurerm_resource_group.example-ra"
          ]
        }
      ]
    },
    {
      "mode": "managed",
      "type": "azurerm_resource_group",
      "name": "example-ra",
      "provider": "provider[\"registry.terraform.io/hashicorp/azurerm\"]",
      "instances": [
        {
          "schema_version": 0,
          "attributes": {
            "id": "/subscriptions/bf20516e-0fe8-4479-9d30-ce7863a12741/resourceGroups/example-resources2",
            "location": "westeurope",
            "name": "example-resources2",
            "tags": null,
            "timeouts": null
          },
          "sensitive_attributes": [],
          "private": "eyJlMmJmYjczMC1lY2FhLTExZTYtOGY4OC0zNDM2M2JjN2M0YzAiOnsiY3JlYXRlIjo1NDAwMDAwMDAwMDAwLCJkZWxldGUiOjU0MDAwMDAwMDAwMDAsInJlYWQiOjMwMDAwMDAwMDAwMCwidXBkYXRlIjo1NDAwMDAwMDAwMDAwfX0="
        }
      ]
    },
    {
      "mode": "managed",
      "type": "azurerm_role_assignment",
      "name": "example",
      "provider": "provider[\"registry.terraform.io/hashicorp/azurerm\"]",
      "instances": []
    },
    {
      "mode": "managed",
      "type": "azurerm_sentinel_alert_rule_scheduled",
      "name": "example3",
      "provider": "provider[\"registry.terraform.io/hashicorp/azurerm\"]",
      "instances": [
        {
          "schema_version": 0,
          "attributes": {
            "description": "",
            "display_name": "example",
            "enabled": true,
            "id": "/subscriptions/bf20516e-0fe8-4479-9d30-ce7863a12741/resourceGroups/example-resources2/providers/Microsoft.OperationalInsights/workspaces/example-workspace/providers/Microsoft.SecurityInsights/alertRules/example",
            "log_analytics_workspace_id": "/subscriptions/bf20516e-0fe8-4479-9d30-ce7863a12741/resourcegroups/example-resources2/providers/microsoft.operationalinsights/workspaces/example-workspace",
            "name": "example",
            "query": "SigninLogs\r\n| where UserPrincipalName == \"aaabtg01@evrypoc.com\" \r\n| where Status.errorCode == 0\r\n| extend AccountCustomEntity = Identity\r\n| extend IPCustomEntity = IPAddress\r\n| extend HostCustomEntity = SourceSystem\r\n",
            "query_frequency": "PT5H",
            "query_period": "PT5H",
            "severity": "High",
            "suppression_duration": "PT5H",
            "suppression_enabled": false,
            "tactics": [
              "InitialAccess"
            ],
            "timeouts": null,
            "trigger_operator": "GreaterThan",
            "trigger_threshold": 0
          },
          "sensitive_attributes": [],
          "private": "eyJlMmJmYjczMC1lY2FhLTExZTYtOGY4OC0zNDM2M2JjN2M0YzAiOnsiY3JlYXRlIjoxODAwMDAwMDAwMDAwLCJkZWxldGUiOjE4MDAwMDAwMDAwMDAsInJlYWQiOjMwMDAwMDAwMDAwMCwidXBkYXRlIjoxODAwMDAwMDAwMDAwfX0=",
          "dependencies": [
            "azurerm_log_analytics_solution.la_sentinel",
            "azurerm_log_analytics_workspace.example",
            "azurerm_resource_group.example-ra"
          ]
        }
      ]
    },
    {
      "mode": "managed",
      "type": "random_password",
      "name": "password",
      "provider": "provider[\"registry.terraform.io/hashicorp/random\"]",
      "instances": [
        {
          "schema_version": 0,
          "attributes": {
            "id": "none",
            "keepers": null,
            "length": 32,
            "lower": true,
            "min_lower": 0,
            "min_numeric": 4,
            "min_special": 0,
            "min_upper": 4,
            "number": true,
            "override_special": "_%@",
            "result": "4D2NNLPZU86n_n1NliNkD%7X5lIrSQ5J",
            "special": true,
            "upper": true
          },
          "sensitive_attributes": [],
          "private": "bnVsbA=="
        }
      ]
    }
  ]
}
